
Microsoft Visual Studio Solution File, Format Version 12.00
# Visual Studio Version 17
VisualStudioVersion = 17.11.35208.52
MinimumVisualStudioVersion = 10.0.40219.1
Project("{FAE04EC0-301F-11D3-BF4B-00C04F79EFBC}") = "WebApplication8", "WebApplication8\WebApplication8.csproj", "{C031288A-543E-479A-AE6E-A677210C66D4}"
EndProject
Project("{2150E333-8FDC-42A3-9474-1A3956D46DE8}") = "Solution Items", "Solution Items", "{B9205BE7-01C8-4869-B84C-30AC742B65E7}"
	ProjectSection(SolutionItems) = preProject
		.editorconfig = .editorconfig
	EndProjectSection
EndProject
Global
	GlobalSection(SolutionConfigurationPlatforms) = preSolution
		Debug|Any CPU = Debug|Any CPU
		Release|Any CPU = Release|Any CPU
	EndGlobalSection
	GlobalSection(ProjectConfigurationPlatforms) = postSolution
		{C031288A-543E-479A-AE6E-A677210C66D4}.Debug|Any CPU.ActiveCfg = Debug|Any CPU
		{C031288A-543E-479A-AE6E-A677210C66D4}.Debug|Any CPU.Build.0 = Debug|Any CPU
		{C031288A-543E-479A-AE6E-A677210C66D4}.Release|Any CPU.ActiveCfg = Release|Any CPU
		{C031288A-543E-479A-AE6E-A677210C66D4}.Release|Any CPU.Build.0 = Release|Any CPU
	EndGlobalSection
	GlobalSection(SolutionProperties) = preSolution
		HideSolutionNode = FALSE
	EndGlobalSection
	GlobalSection(ExtensibilityGlobals) = postSolution
		SolutionGuid = {4D5C4738-8241-42AD-9949-9EAA742D6BF6}
	EndGlobalSection
EndGlobal
